
Microsoft Visual Studio Solution File, Format Version 12.00
# Visual Studio Version 16
VisualStudioVersion = 16.0.29728.190
MinimumVisualStudioVersion = 10.0.40219.1
Project("{2150E333-8FDC-42A3-9474-1A3956D46DE8}") = "1 -Http", "1 -Http", "{68B25CA8-6A8E-4157-A376-BF8A5F22E7FF}"
EndProject
Project("{2150E333-8FDC-42A3-9474-1A3956D46DE8}") = "2 - Queue", "2 - Queue", "{EC61862A-C6DD-4FD1-AF2D-4A2F5E3ACAAC}"
EndProject
Project("{2150E333-8FDC-42A3-9474-1A3956D46DE8}") = "3 - GRPC", "3 - GRPC", "{3E81E357-AE38-4600-9DFF-2A37C8A68CF3}"
EndProject
Project("{2150E333-8FDC-42A3-9474-1A3956D46DE8}") = "1 - Orchestration", "1 - Orchestration", "{142C7664-E53A-4C68-B593-BD3EAA788D29}"
	ProjectSection(SolutionItems) = preProject
		Queue\Orchestration\docker-compose.yml = Queue\Orchestration\docker-compose.yml
	EndProjectSection
EndProject
Project("{2150E333-8FDC-42A3-9474-1A3956D46DE8}") = "2 - Saga", "2 - Saga", "{4F8D607E-BD02-4136-B346-EF1E9D9620A8}"
	ProjectSection(SolutionItems) = preProject
		Queue\Saga\docker-compose.yml = Queue\Saga\docker-compose.yml
	EndProjectSection
EndProject
Project("{2150E333-8FDC-42A3-9474-1A3956D46DE8}") = "0 - Base", "0 - Base", "{B6FA866A-862B-46C7-9BC9-0E02932691B9}"
EndProject
Project("{9A19103F-16F7-4668-BE54-9A1E7A4F7556}") = "Domain", "Base\Domain\Domain.csproj", "{33843551-36ED-41B8-B9DE-A4F3CB39DCA1}"
EndProject
Project("{9A19103F-16F7-4668-BE54-9A1E7A4F7556}") = "BurgerService", "Http\BurgerService\BurgerService.csproj", "{1AD8D1AF-E5B9-47CC-BECD-670C2050A39E}"
EndProject
Project("{9A19103F-16F7-4668-BE54-9A1E7A4F7556}") = "DrinkService", "Http\DrinkService\DrinkService.csproj", "{F9E7B7A6-17B3-4685-99AE-3F2164BCF8A4}"
EndProject
Project("{9A19103F-16F7-4668-BE54-9A1E7A4F7556}") = "FriesServices", "Http\FriesServices\FriesServices.csproj", "{DB58355E-E266-4D47-9B6C-C22336CC1D69}"
EndProject
Project("{9A19103F-16F7-4668-BE54-9A1E7A4F7556}") = "OrderConsole", "Http\OrderConsole\OrderConsole.csproj", "{BAB6803F-502F-4145-BC59-E60F3DBE0017}"
EndProject
Project("{9A19103F-16F7-4668-BE54-9A1E7A4F7556}") = "Orchestration.BurgerQueue", "Queue\Orchestration\Orchestration.Burger.Queue\Orchestration.BurgerQueue.csproj", "{326137F0-C3EB-4CDE-B770-7EAFF83E4B99}"
EndProject
Project("{9A19103F-16F7-4668-BE54-9A1E7A4F7556}") = "Orchestration.Commands", "Queue\Orchestration\Orchestration.Commands\Orchestration.Commands.csproj", "{5A2CDFC3-22C5-491A-8379-47D2499822F7}"
EndProject
Project("{9A19103F-16F7-4668-BE54-9A1E7A4F7556}") = "Orchestration.DrinkQueue", "Queue\Orchestration\Orchestration.Drink.Queue\Orchestration.DrinkQueue.csproj", "{DEBF4D4E-79D9-4078-AC9E-1C5CD7BCE10E}"
EndProject
Project("{9A19103F-16F7-4668-BE54-9A1E7A4F7556}") = "Orchestration.FriesQueue", "Queue\Orchestration\Orchestration.Fries.Queue\Orchestration.FriesQueue.csproj", "{D884139D-2110-41D3-A744-80AE41E9E21F}"
EndProject
Project("{9A19103F-16F7-4668-BE54-9A1E7A4F7556}") = "Orchestration.Order", "Queue\Orchestration\Orchestration.Order\Orchestration.Order.csproj", "{8D987B00-B947-4C86-BA39-00793C47425F}"
EndProject
Project("{9A19103F-16F7-4668-BE54-9A1E7A4F7556}") = "Orchestration.Queue", "Queue\Orchestration\Orchestration.Queue\Orchestration.Queue.csproj", "{95E0689C-0839-4F76-9261-CBDC83BDF178}"
EndProject
Project("{9A19103F-16F7-4668-BE54-9A1E7A4F7556}") = "Saga.BurgerService", "Queue\Saga\Saga.BurgerService\Saga.BurgerService.csproj", "{53C83D6C-2DC3-4F1F-9808-F0892D4C1DF9}"
EndProject
Project("{9A19103F-16F7-4668-BE54-9A1E7A4F7556}") = "Saga.Commands", "Queue\Saga\Saga.Commands\Saga.Commands.csproj", "{C8B98444-DC28-41FA-97D3-ABC0FFE68499}"
EndProject
Project("{9A19103F-16F7-4668-BE54-9A1E7A4F7556}") = "Saga.DrinkService", "Queue\Saga\Saga.DrinkService\Saga.DrinkService.csproj", "{8CB250E2-A5A1-4897-9661-6670D4458E18}"
EndProject
Project("{9A19103F-16F7-4668-BE54-9A1E7A4F7556}") = "Saga.Orchestrator", "Queue\Saga\Saga.Orchestrator\Saga.Orchestrator.csproj", "{FF8E3B1D-997B-4293-A7CB-A021D1F8B970}"
EndProject
Project("{9A19103F-16F7-4668-BE54-9A1E7A4F7556}") = "Saga.Order", "Queue\Saga\Saga.Order\Saga.Order.csproj", "{B940BFE4-EE83-4629-8ED7-931EAAE6A88A}"
EndProject
Project("{9A19103F-16F7-4668-BE54-9A1E7A4F7556}") = "GRPC.BurgerService", "GRPC\GRPC.BurgerService\GRPC.BurgerService.csproj", "{9BE5624B-21B8-4F44-89A8-B8BF3FFED167}"
EndProject
Project("{9A19103F-16F7-4668-BE54-9A1E7A4F7556}") = "GRPC.DrinkService", "GRPC\GRPC.DrinkService\GRPC.DrinkService.csproj", "{47CAC97F-317A-4879-8028-95823D9E257C}"
EndProject
Project("{9A19103F-16F7-4668-BE54-9A1E7A4F7556}") = "GRPC.FriesService", "GRPC\GRPC.FriesService\GRPC.FriesService.csproj", "{54BC0191-8D7E-4D25-BF7C-E22A0D797260}"
EndProject
Project("{9A19103F-16F7-4668-BE54-9A1E7A4F7556}") = "GRPC.Order", "GRPC\GRPC.Order\GRPC.Order.csproj", "{7C123603-98DA-4C28-A957-F456A5BFBC11}"
EndProject
Project("{2150E333-8FDC-42A3-9474-1A3956D46DE8}") = "Protos", "Protos", "{1D44C82D-F5EA-4E1F-A642-40584BA7604D}"
	ProjectSection(SolutionItems) = preProject
		GRPC\Protos\burger.proto = GRPC\Protos\burger.proto
		GRPC\Protos\drink.proto = GRPC\Protos\drink.proto
		GRPC\Protos\fries.proto = GRPC\Protos\fries.proto
	EndProjectSection
EndProject
Project("{2150E333-8FDC-42A3-9474-1A3956D46DE8}") = "3 - Saga + RequestClient", "3 - Saga + RequestClient", "{C1388BD8-00CD-476A-B9F1-3E7B66C0357C}"
EndProject
Project("{9A19103F-16F7-4668-BE54-9A1E7A4F7556}") = "Saga.FriesService", "Queue\Saga\Saga.FriesService\Saga.FriesService.csproj", "{8DAB3853-722E-48F7-8863-194C3A70FE96}"
EndProject
Project("{9A19103F-16F7-4668-BE54-9A1E7A4F7556}") = "SagaRequestClient.BurguerService", "Queue\SagaRequestClient\SagaRequestClient.BurguerService\SagaRequestClient.BurguerService.csproj", "{63484757-550E-4AD2-8A4C-CB24B3835474}"
EndProject
Project("{9A19103F-16F7-4668-BE54-9A1E7A4F7556}") = "SagaRequestClient.Commands", "Queue\SagaRequestClient\SagaRequestClient.Commands\SagaRequestClient.Commands.csproj", "{84FA4CAE-2E03-4FC9-8FAE-E396B56DB32F}"
EndProject
Project("{9A19103F-16F7-4668-BE54-9A1E7A4F7556}") = "SagaRequestClient.DrinkService", "Queue\SagaRequestClient\SagaRequestClient.DrinkService\SagaRequestClient.DrinkService.csproj", "{C0932A52-389F-4FDD-A89B-54F0DC7DAAB2}"
EndProject
Project("{9A19103F-16F7-4668-BE54-9A1E7A4F7556}") = "SagaRequestClient.FriesService", "Queue\SagaRequestClient\SagaRequestClient.FriesService\SagaRequestClient.FriesService.csproj", "{9BB14000-C2F9-499A-BA84-30E2867A1A7E}"
EndProject
Project("{9A19103F-16F7-4668-BE54-9A1E7A4F7556}") = "SagaRequestClient.Orchestrator", "Queue\SagaRequestClient\SagaRequestClient.Orchestrator\SagaRequestClient.Orchestrator.csproj", "{7CEB4C1B-FB37-48C7-8D48-A85FA357ECC7}"
EndProject
Project("{9A19103F-16F7-4668-BE54-9A1E7A4F7556}") = "SagaRequestClient.Order", "Queue\SagaRequestClient\SagaRequestClient.Order\SagaRequestClient.Order.csproj", "{A5E1EA09-03EF-4745-A4D1-A3666F0F557F}"
EndProject
Global
	GlobalSection(SolutionConfigurationPlatforms) = preSolution
		Debug|Any CPU = Debug|Any CPU
		Release|Any CPU = Release|Any CPU
	EndGlobalSection
	GlobalSection(ProjectConfigurationPlatforms) = postSolution
		{33843551-36ED-41B8-B9DE-A4F3CB39DCA1}.Debug|Any CPU.ActiveCfg = Debug|Any CPU
		{33843551-36ED-41B8-B9DE-A4F3CB39DCA1}.Debug|Any CPU.Build.0 = Debug|Any CPU
		{33843551-36ED-41B8-B9DE-A4F3CB39DCA1}.Release|Any CPU.ActiveCfg = Release|Any CPU
		{33843551-36ED-41B8-B9DE-A4F3CB39DCA1}.Release|Any CPU.Build.0 = Release|Any CPU
		{1AD8D1AF-E5B9-47CC-BECD-670C2050A39E}.Debug|Any CPU.ActiveCfg = Debug|Any CPU
		{1AD8D1AF-E5B9-47CC-BECD-670C2050A39E}.Debug|Any CPU.Build.0 = Debug|Any CPU
		{1AD8D1AF-E5B9-47CC-BECD-670C2050A39E}.Release|Any CPU.ActiveCfg = Release|Any CPU
		{1AD8D1AF-E5B9-47CC-BECD-670C2050A39E}.Release|Any CPU.Build.0 = Release|Any CPU
		{F9E7B7A6-17B3-4685-99AE-3F2164BCF8A4}.Debug|Any CPU.ActiveCfg = Debug|Any CPU
		{F9E7B7A6-17B3-4685-99AE-3F2164BCF8A4}.Debug|Any CPU.Build.0 = Debug|Any CPU
		{F9E7B7A6-17B3-4685-99AE-3F2164BCF8A4}.Release|Any CPU.ActiveCfg = Release|Any CPU
		{F9E7B7A6-17B3-4685-99AE-3F2164BCF8A4}.Release|Any CPU.Build.0 = Release|Any CPU
		{DB58355E-E266-4D47-9B6C-C22336CC1D69}.Debug|Any CPU.ActiveCfg = Debug|Any CPU
		{DB58355E-E266-4D47-9B6C-C22336CC1D69}.Debug|Any CPU.Build.0 = Debug|Any CPU
		{DB58355E-E266-4D47-9B6C-C22336CC1D69}.Release|Any CPU.ActiveCfg = Release|Any CPU
		{DB58355E-E266-4D47-9B6C-C22336CC1D69}.Release|Any CPU.Build.0 = Release|Any CPU
		{BAB6803F-502F-4145-BC59-E60F3DBE0017}.Debug|Any CPU.ActiveCfg = Debug|Any CPU
		{BAB6803F-502F-4145-BC59-E60F3DBE0017}.Debug|Any CPU.Build.0 = Debug|Any CPU
		{BAB6803F-502F-4145-BC59-E60F3DBE0017}.Release|Any CPU.ActiveCfg = Release|Any CPU
		{BAB6803F-502F-4145-BC59-E60F3DBE0017}.Release|Any CPU.Build.0 = Release|Any CPU
		{326137F0-C3EB-4CDE-B770-7EAFF83E4B99}.Debug|Any CPU.ActiveCfg = Debug|Any CPU
		{326137F0-C3EB-4CDE-B770-7EAFF83E4B99}.Debug|Any CPU.Build.0 = Debug|Any CPU
		{326137F0-C3EB-4CDE-B770-7EAFF83E4B99}.Release|Any CPU.ActiveCfg = Release|Any CPU
		{326137F0-C3EB-4CDE-B770-7EAFF83E4B99}.Release|Any CPU.Build.0 = Release|Any CPU
		{5A2CDFC3-22C5-491A-8379-47D2499822F7}.Debug|Any CPU.ActiveCfg = Debug|Any CPU
		{5A2CDFC3-22C5-491A-8379-47D2499822F7}.Debug|Any CPU.Build.0 = Debug|Any CPU
		{5A2CDFC3-22C5-491A-8379-47D2499822F7}.Release|Any CPU.ActiveCfg = Release|Any CPU
		{5A2CDFC3-22C5-491A-8379-47D2499822F7}.Release|Any CPU.Build.0 = Release|Any CPU
		{DEBF4D4E-79D9-4078-AC9E-1C5CD7BCE10E}.Debug|Any CPU.ActiveCfg = Debug|Any CPU
		{DEBF4D4E-79D9-4078-AC9E-1C5CD7BCE10E}.Debug|Any CPU.Build.0 = Debug|Any CPU
		{DEBF4D4E-79D9-4078-AC9E-1C5CD7BCE10E}.Release|Any CPU.ActiveCfg = Release|Any CPU
		{DEBF4D4E-79D9-4078-AC9E-1C5CD7BCE10E}.Release|Any CPU.Build.0 = Release|Any CPU
		{D884139D-2110-41D3-A744-80AE41E9E21F}.Debug|Any CPU.ActiveCfg = Debug|Any CPU
		{D884139D-2110-41D3-A744-80AE41E9E21F}.Debug|Any CPU.Build.0 = Debug|Any CPU
		{D884139D-2110-41D3-A744-80AE41E9E21F}.Release|Any CPU.ActiveCfg = Release|Any CPU
		{D884139D-2110-41D3-A744-80AE41E9E21F}.Release|Any CPU.Build.0 = Release|Any CPU
		{8D987B00-B947-4C86-BA39-00793C47425F}.Debug|Any CPU.ActiveCfg = Debug|Any CPU
		{8D987B00-B947-4C86-BA39-00793C47425F}.Debug|Any CPU.Build.0 = Debug|Any CPU
		{8D987B00-B947-4C86-BA39-00793C47425F}.Release|Any CPU.ActiveCfg = Release|Any CPU
		{8D987B00-B947-4C86-BA39-00793C47425F}.Release|Any CPU.Build.0 = Release|Any CPU
		{95E0689C-0839-4F76-9261-CBDC83BDF178}.Debug|Any CPU.ActiveCfg = Debug|Any CPU
		{95E0689C-0839-4F76-9261-CBDC83BDF178}.Debug|Any CPU.Build.0 = Debug|Any CPU
		{95E0689C-0839-4F76-9261-CBDC83BDF178}.Release|Any CPU.ActiveCfg = Release|Any CPU
		{95E0689C-0839-4F76-9261-CBDC83BDF178}.Release|Any CPU.Build.0 = Release|Any CPU
		{53C83D6C-2DC3-4F1F-9808-F0892D4C1DF9}.Debug|Any CPU.ActiveCfg = Debug|Any CPU
		{53C83D6C-2DC3-4F1F-9808-F0892D4C1DF9}.Debug|Any CPU.Build.0 = Debug|Any CPU
		{53C83D6C-2DC3-4F1F-9808-F0892D4C1DF9}.Release|Any CPU.ActiveCfg = Release|Any CPU
		{53C83D6C-2DC3-4F1F-9808-F0892D4C1DF9}.Release|Any CPU.Build.0 = Release|Any CPU
		{C8B98444-DC28-41FA-97D3-ABC0FFE68499}.Debug|Any CPU.ActiveCfg = Debug|Any CPU
		{C8B98444-DC28-41FA-97D3-ABC0FFE68499}.Debug|Any CPU.Build.0 = Debug|Any CPU
		{C8B98444-DC28-41FA-97D3-ABC0FFE68499}.Release|Any CPU.ActiveCfg = Release|Any CPU
		{C8B98444-DC28-41FA-97D3-ABC0FFE68499}.Release|Any CPU.Build.0 = Release|Any CPU
		{8CB250E2-A5A1-4897-9661-6670D4458E18}.Debug|Any CPU.ActiveCfg = Debug|Any CPU
		{8CB250E2-A5A1-4897-9661-6670D4458E18}.Debug|Any CPU.Build.0 = Debug|Any CPU
		{8CB250E2-A5A1-4897-9661-6670D4458E18}.Release|Any CPU.ActiveCfg = Release|Any CPU
		{8CB250E2-A5A1-4897-9661-6670D4458E18}.Release|Any CPU.Build.0 = Release|Any CPU
		{FF8E3B1D-997B-4293-A7CB-A021D1F8B970}.Debug|Any CPU.ActiveCfg = Debug|Any CPU
		{FF8E3B1D-997B-4293-A7CB-A021D1F8B970}.Debug|Any CPU.Build.0 = Debug|Any CPU
		{FF8E3B1D-997B-4293-A7CB-A021D1F8B970}.Release|Any CPU.ActiveCfg = Release|Any CPU
		{FF8E3B1D-997B-4293-A7CB-A021D1F8B970}.Release|Any CPU.Build.0 = Release|Any CPU
		{B940BFE4-EE83-4629-8ED7-931EAAE6A88A}.Debug|Any CPU.ActiveCfg = Debug|Any CPU
		{B940BFE4-EE83-4629-8ED7-931EAAE6A88A}.Debug|Any CPU.Build.0 = Debug|Any CPU
		{B940BFE4-EE83-4629-8ED7-931EAAE6A88A}.Release|Any CPU.ActiveCfg = Release|Any CPU
		{B940BFE4-EE83-4629-8ED7-931EAAE6A88A}.Release|Any CPU.Build.0 = Release|Any CPU
		{9BE5624B-21B8-4F44-89A8-B8BF3FFED167}.Debug|Any CPU.ActiveCfg = Debug|Any CPU
		{9BE5624B-21B8-4F44-89A8-B8BF3FFED167}.Debug|Any CPU.Build.0 = Debug|Any CPU
		{9BE5624B-21B8-4F44-89A8-B8BF3FFED167}.Release|Any CPU.ActiveCfg = Release|Any CPU
		{9BE5624B-21B8-4F44-89A8-B8BF3FFED167}.Release|Any CPU.Build.0 = Release|Any CPU
		{47CAC97F-317A-4879-8028-95823D9E257C}.Debug|Any CPU.ActiveCfg = Debug|Any CPU
		{47CAC97F-317A-4879-8028-95823D9E257C}.Debug|Any CPU.Build.0 = Debug|Any CPU
		{47CAC97F-317A-4879-8028-95823D9E257C}.Release|Any CPU.ActiveCfg = Release|Any CPU
		{47CAC97F-317A-4879-8028-95823D9E257C}.Release|Any CPU.Build.0 = Release|Any CPU
		{54BC0191-8D7E-4D25-BF7C-E22A0D797260}.Debug|Any CPU.ActiveCfg = Debug|Any CPU
		{54BC0191-8D7E-4D25-BF7C-E22A0D797260}.Debug|Any CPU.Build.0 = Debug|Any CPU
		{54BC0191-8D7E-4D25-BF7C-E22A0D797260}.Release|Any CPU.ActiveCfg = Release|Any CPU
		{54BC0191-8D7E-4D25-BF7C-E22A0D797260}.Release|Any CPU.Build.0 = Release|Any CPU
		{7C123603-98DA-4C28-A957-F456A5BFBC11}.Debug|Any CPU.ActiveCfg = Debug|Any CPU
		{7C123603-98DA-4C28-A957-F456A5BFBC11}.Debug|Any CPU.Build.0 = Debug|Any CPU
		{7C123603-98DA-4C28-A957-F456A5BFBC11}.Release|Any CPU.ActiveCfg = Release|Any CPU
		{7C123603-98DA-4C28-A957-F456A5BFBC11}.Release|Any CPU.Build.0 = Release|Any CPU
		{8DAB3853-722E-48F7-8863-194C3A70FE96}.Debug|Any CPU.ActiveCfg = Debug|Any CPU
		{8DAB3853-722E-48F7-8863-194C3A70FE96}.Debug|Any CPU.Build.0 = Debug|Any CPU
		{8DAB3853-722E-48F7-8863-194C3A70FE96}.Release|Any CPU.ActiveCfg = Release|Any CPU
		{8DAB3853-722E-48F7-8863-194C3A70FE96}.Release|Any CPU.Build.0 = Release|Any CPU
		{63484757-550E-4AD2-8A4C-CB24B3835474}.Debug|Any CPU.ActiveCfg = Debug|Any CPU
		{63484757-550E-4AD2-8A4C-CB24B3835474}.Debug|Any CPU.Build.0 = Debug|Any CPU
		{63484757-550E-4AD2-8A4C-CB24B3835474}.Release|Any CPU.ActiveCfg = Release|Any CPU
		{63484757-550E-4AD2-8A4C-CB24B3835474}.Release|Any CPU.Build.0 = Release|Any CPU
		{84FA4CAE-2E03-4FC9-8FAE-E396B56DB32F}.Debug|Any CPU.ActiveCfg = Debug|Any CPU
		{84FA4CAE-2E03-4FC9-8FAE-E396B56DB32F}.Debug|Any CPU.Build.0 = Debug|Any CPU
		{84FA4CAE-2E03-4FC9-8FAE-E396B56DB32F}.Release|Any CPU.ActiveCfg = Release|Any CPU
		{84FA4CAE-2E03-4FC9-8FAE-E396B56DB32F}.Release|Any CPU.Build.0 = Release|Any CPU
		{C0932A52-389F-4FDD-A89B-54F0DC7DAAB2}.Debug|Any CPU.ActiveCfg = Debug|Any CPU
		{C0932A52-389F-4FDD-A89B-54F0DC7DAAB2}.Debug|Any CPU.Build.0 = Debug|Any CPU
		{C0932A52-389F-4FDD-A89B-54F0DC7DAAB2}.Release|Any CPU.ActiveCfg = Release|Any CPU
		{C0932A52-389F-4FDD-A89B-54F0DC7DAAB2}.Release|Any CPU.Build.0 = Release|Any CPU
		{9BB14000-C2F9-499A-BA84-30E2867A1A7E}.Debug|Any CPU.ActiveCfg = Debug|Any CPU
		{9BB14000-C2F9-499A-BA84-30E2867A1A7E}.Debug|Any CPU.Build.0 = Debug|Any CPU
		{9BB14000-C2F9-499A-BA84-30E2867A1A7E}.Release|Any CPU.ActiveCfg = Release|Any CPU
		{9BB14000-C2F9-499A-BA84-30E2867A1A7E}.Release|Any CPU.Build.0 = Release|Any CPU
		{7CEB4C1B-FB37-48C7-8D48-A85FA357ECC7}.Debug|Any CPU.ActiveCfg = Debug|Any CPU
		{7CEB4C1B-FB37-48C7-8D48-A85FA357ECC7}.Debug|Any CPU.Build.0 = Debug|Any CPU
		{7CEB4C1B-FB37-48C7-8D48-A85FA357ECC7}.Release|Any CPU.ActiveCfg = Release|Any CPU
		{7CEB4C1B-FB37-48C7-8D48-A85FA357ECC7}.Release|Any CPU.Build.0 = Release|Any CPU
		{A5E1EA09-03EF-4745-A4D1-A3666F0F557F}.Debug|Any CPU.ActiveCfg = Debug|Any CPU
		{A5E1EA09-03EF-4745-A4D1-A3666F0F557F}.Debug|Any CPU.Build.0 = Debug|Any CPU
		{A5E1EA09-03EF-4745-A4D1-A3666F0F557F}.Release|Any CPU.ActiveCfg = Release|Any CPU
		{A5E1EA09-03EF-4745-A4D1-A3666F0F557F}.Release|Any CPU.Build.0 = Release|Any CPU
	EndGlobalSection
	GlobalSection(SolutionProperties) = preSolution
		HideSolutionNode = FALSE
	EndGlobalSection
	GlobalSection(NestedProjects) = preSolution
		{142C7664-E53A-4C68-B593-BD3EAA788D29} = {EC61862A-C6DD-4FD1-AF2D-4A2F5E3ACAAC}
		{4F8D607E-BD02-4136-B346-EF1E9D9620A8} = {EC61862A-C6DD-4FD1-AF2D-4A2F5E3ACAAC}
		{33843551-36ED-41B8-B9DE-A4F3CB39DCA1} = {B6FA866A-862B-46C7-9BC9-0E02932691B9}
		{1AD8D1AF-E5B9-47CC-BECD-670C2050A39E} = {68B25CA8-6A8E-4157-A376-BF8A5F22E7FF}
		{F9E7B7A6-17B3-4685-99AE-3F2164BCF8A4} = {68B25CA8-6A8E-4157-A376-BF8A5F22E7FF}
		{DB58355E-E266-4D47-9B6C-C22336CC1D69} = {68B25CA8-6A8E-4157-A376-BF8A5F22E7FF}
		{BAB6803F-502F-4145-BC59-E60F3DBE0017} = {68B25CA8-6A8E-4157-A376-BF8A5F22E7FF}
		{326137F0-C3EB-4CDE-B770-7EAFF83E4B99} = {142C7664-E53A-4C68-B593-BD3EAA788D29}
		{5A2CDFC3-22C5-491A-8379-47D2499822F7} = {142C7664-E53A-4C68-B593-BD3EAA788D29}
		{DEBF4D4E-79D9-4078-AC9E-1C5CD7BCE10E} = {142C7664-E53A-4C68-B593-BD3EAA788D29}
		{D884139D-2110-41D3-A744-80AE41E9E21F} = {142C7664-E53A-4C68-B593-BD3EAA788D29}
		{8D987B00-B947-4C86-BA39-00793C47425F} = {142C7664-E53A-4C68-B593-BD3EAA788D29}
		{95E0689C-0839-4F76-9261-CBDC83BDF178} = {142C7664-E53A-4C68-B593-BD3EAA788D29}
		{53C83D6C-2DC3-4F1F-9808-F0892D4C1DF9} = {4F8D607E-BD02-4136-B346-EF1E9D9620A8}
		{C8B98444-DC28-41FA-97D3-ABC0FFE68499} = {4F8D607E-BD02-4136-B346-EF1E9D9620A8}
		{8CB250E2-A5A1-4897-9661-6670D4458E18} = {4F8D607E-BD02-4136-B346-EF1E9D9620A8}
		{FF8E3B1D-997B-4293-A7CB-A021D1F8B970} = {4F8D607E-BD02-4136-B346-EF1E9D9620A8}
		{B940BFE4-EE83-4629-8ED7-931EAAE6A88A} = {4F8D607E-BD02-4136-B346-EF1E9D9620A8}
		{9BE5624B-21B8-4F44-89A8-B8BF3FFED167} = {3E81E357-AE38-4600-9DFF-2A37C8A68CF3}
		{47CAC97F-317A-4879-8028-95823D9E257C} = {3E81E357-AE38-4600-9DFF-2A37C8A68CF3}
		{54BC0191-8D7E-4D25-BF7C-E22A0D797260} = {3E81E357-AE38-4600-9DFF-2A37C8A68CF3}
		{7C123603-98DA-4C28-A957-F456A5BFBC11} = {3E81E357-AE38-4600-9DFF-2A37C8A68CF3}
		{1D44C82D-F5EA-4E1F-A642-40584BA7604D} = {3E81E357-AE38-4600-9DFF-2A37C8A68CF3}
		{C1388BD8-00CD-476A-B9F1-3E7B66C0357C} = {EC61862A-C6DD-4FD1-AF2D-4A2F5E3ACAAC}
		{8DAB3853-722E-48F7-8863-194C3A70FE96} = {4F8D607E-BD02-4136-B346-EF1E9D9620A8}
		{63484757-550E-4AD2-8A4C-CB24B3835474} = {C1388BD8-00CD-476A-B9F1-3E7B66C0357C}
		{84FA4CAE-2E03-4FC9-8FAE-E396B56DB32F} = {C1388BD8-00CD-476A-B9F1-3E7B66C0357C}
		{C0932A52-389F-4FDD-A89B-54F0DC7DAAB2} = {C1388BD8-00CD-476A-B9F1-3E7B66C0357C}
		{9BB14000-C2F9-499A-BA84-30E2867A1A7E} = {C1388BD8-00CD-476A-B9F1-3E7B66C0357C}
		{7CEB4C1B-FB37-48C7-8D48-A85FA357ECC7} = {C1388BD8-00CD-476A-B9F1-3E7B66C0357C}
		{A5E1EA09-03EF-4745-A4D1-A3666F0F557F} = {C1388BD8-00CD-476A-B9F1-3E7B66C0357C}
	EndGlobalSection
	GlobalSection(ExtensibilityGlobals) = postSolution
		SolutionGuid = {1B3FDFC2-24B6-4010-B5EB-523C090637C5}
	EndGlobalSection
EndGlobal
