
Microsoft Visual Studio Solution File, Format Version 12.00
# Visual Studio Version 16
VisualStudioVersion = 16.0.29806.167
MinimumVisualStudioVersion = 10.0.40219.1
Project("{9A19103F-16F7-4668-BE54-9A1E7A4F7556}") = "GRPC.BurgerService", "GRPC.BurgerService\GRPC.BurgerService.csproj", "{93911E2B-B1D1-4237-B63C-41622F39F4D2}"
EndProject
Project("{2150E333-8FDC-42A3-9474-1A3956D46DE8}") = "Base", "Base", "{39BF5050-0535-4E30-8565-5947D5A3386C}"
EndProject
Project("{9A19103F-16F7-4668-BE54-9A1E7A4F7556}") = "Domain", "..\Base\Domain\Domain.csproj", "{1BD1CC67-804F-49BD-A428-01BF59A10227}"
EndProject
Project("{2150E333-8FDC-42A3-9474-1A3956D46DE8}") = "Protos", "Protos", "{6F00E108-2C78-4B20-8362-5FB49E3F89B9}"
	ProjectSection(SolutionItems) = preProject
		Protos\burger.proto = Protos\burger.proto
		Protos\drink.proto = Protos\drink.proto
		Protos\fries.proto = Protos\fries.proto
	EndProjectSection
EndProject
Project("{9A19103F-16F7-4668-BE54-9A1E7A4F7556}") = "GRPC.Order", "GRPC.Order\GRPC.Order.csproj", "{1B47DB33-CC91-42AB-B8D7-E29811329E7E}"
EndProject
Project("{9A19103F-16F7-4668-BE54-9A1E7A4F7556}") = "GRPC.FriesService", "GRPC.FriesService\GRPC.FriesService.csproj", "{C48048FD-7F58-4A57-A28B-58A17BE96C60}"
EndProject
Project("{FAE04EC0-301F-11D3-BF4B-00C04F79EFBC}") = "GRPC.DrinkService", "GRPC.DrinkService\GRPC.DrinkService.csproj", "{6C3803B4-632E-4940-AB68-C45468244450}"
EndProject
Global
	GlobalSection(SolutionConfigurationPlatforms) = preSolution
		Debug|Any CPU = Debug|Any CPU
		Release|Any CPU = Release|Any CPU
	EndGlobalSection
	GlobalSection(ProjectConfigurationPlatforms) = postSolution
		{93911E2B-B1D1-4237-B63C-41622F39F4D2}.Debug|Any CPU.ActiveCfg = Debug|Any CPU
		{93911E2B-B1D1-4237-B63C-41622F39F4D2}.Debug|Any CPU.Build.0 = Debug|Any CPU
		{93911E2B-B1D1-4237-B63C-41622F39F4D2}.Release|Any CPU.ActiveCfg = Release|Any CPU
		{93911E2B-B1D1-4237-B63C-41622F39F4D2}.Release|Any CPU.Build.0 = Release|Any CPU
		{1BD1CC67-804F-49BD-A428-01BF59A10227}.Debug|Any CPU.ActiveCfg = Debug|Any CPU
		{1BD1CC67-804F-49BD-A428-01BF59A10227}.Debug|Any CPU.Build.0 = Debug|Any CPU
		{1BD1CC67-804F-49BD-A428-01BF59A10227}.Release|Any CPU.ActiveCfg = Release|Any CPU
		{1BD1CC67-804F-49BD-A428-01BF59A10227}.Release|Any CPU.Build.0 = Release|Any CPU
		{1B47DB33-CC91-42AB-B8D7-E29811329E7E}.Debug|Any CPU.ActiveCfg = Debug|Any CPU
		{1B47DB33-CC91-42AB-B8D7-E29811329E7E}.Debug|Any CPU.Build.0 = Debug|Any CPU
		{1B47DB33-CC91-42AB-B8D7-E29811329E7E}.Release|Any CPU.ActiveCfg = Release|Any CPU
		{1B47DB33-CC91-42AB-B8D7-E29811329E7E}.Release|Any CPU.Build.0 = Release|Any CPU
		{C48048FD-7F58-4A57-A28B-58A17BE96C60}.Debug|Any CPU.ActiveCfg = Debug|Any CPU
		{C48048FD-7F58-4A57-A28B-58A17BE96C60}.Debug|Any CPU.Build.0 = Debug|Any CPU
		{C48048FD-7F58-4A57-A28B-58A17BE96C60}.Release|Any CPU.ActiveCfg = Release|Any CPU
		{C48048FD-7F58-4A57-A28B-58A17BE96C60}.Release|Any CPU.Build.0 = Release|Any CPU
		{6C3803B4-632E-4940-AB68-C45468244450}.Debug|Any CPU.ActiveCfg = Debug|Any CPU
		{6C3803B4-632E-4940-AB68-C45468244450}.Debug|Any CPU.Build.0 = Debug|Any CPU
		{6C3803B4-632E-4940-AB68-C45468244450}.Release|Any CPU.ActiveCfg = Release|Any CPU
		{6C3803B4-632E-4940-AB68-C45468244450}.Release|Any CPU.Build.0 = Release|Any CPU
	EndGlobalSection
	GlobalSection(SolutionProperties) = preSolution
		HideSolutionNode = FALSE
	EndGlobalSection
	GlobalSection(NestedProjects) = preSolution
		{1BD1CC67-804F-49BD-A428-01BF59A10227} = {39BF5050-0535-4E30-8565-5947D5A3386C}
		{6F00E108-2C78-4B20-8362-5FB49E3F89B9} = {39BF5050-0535-4E30-8565-5947D5A3386C}
	EndGlobalSection
	GlobalSection(ExtensibilityGlobals) = postSolution
		SolutionGuid = {3BE8799E-92C8-4F95-918B-10D401FC3143}
	EndGlobalSection
EndGlobal
